
Microsoft Visual Studio Solution File, Format Version 12.00
# Visual Studio Version 16
VisualStudioVersion = 16.0.29926.136
MinimumVisualStudioVersion = 10.0.40219.1
Project("{9A19103F-16F7-4668-BE54-9A1E7A4F7556}") = "GoogleLib", "GoogleLib\GoogleLib.csproj", "{8217726F-4412-429F-B5D3-87B6CBC100CC}"
EndProject
Project("{9A19103F-16F7-4668-BE54-9A1E7A4F7556}") = "Desktop", "Desktop\Desktop.csproj", "{2C791431-4FBC-48D4-BB6E-DC8B135251E1}"
EndProject
Project("{9A19103F-16F7-4668-BE54-9A1E7A4F7556}") = "Web", "Web\Web.csproj", "{5FB61A86-E6CB-44B7-8557-91689A37897B}"
EndProject
Project("{FAE04EC0-301F-11D3-BF4B-00C04F79EFBC}") = "Models", "Models\Models.csproj", "{04FBCB82-32CD-4309-A319-3C1AE5FBDE87}"
EndProject
Global
	GlobalSection(SolutionConfigurationPlatforms) = preSolution
		Debug|Any CPU = Debug|Any CPU
		Release|Any CPU = Release|Any CPU
	EndGlobalSection
	GlobalSection(ProjectConfigurationPlatforms) = postSolution
		{8217726F-4412-429F-B5D3-87B6CBC100CC}.Debug|Any CPU.ActiveCfg = Debug|Any CPU
		{8217726F-4412-429F-B5D3-87B6CBC100CC}.Debug|Any CPU.Build.0 = Debug|Any CPU
		{8217726F-4412-429F-B5D3-87B6CBC100CC}.Release|Any CPU.ActiveCfg = Release|Any CPU
		{8217726F-4412-429F-B5D3-87B6CBC100CC}.Release|Any CPU.Build.0 = Release|Any CPU
		{2C791431-4FBC-48D4-BB6E-DC8B135251E1}.Debug|Any CPU.ActiveCfg = Debug|Any CPU
		{2C791431-4FBC-48D4-BB6E-DC8B135251E1}.Debug|Any CPU.Build.0 = Debug|Any CPU
		{2C791431-4FBC-48D4-BB6E-DC8B135251E1}.Release|Any CPU.ActiveCfg = Release|Any CPU
		{2C791431-4FBC-48D4-BB6E-DC8B135251E1}.Release|Any CPU.Build.0 = Release|Any CPU
		{5FB61A86-E6CB-44B7-8557-91689A37897B}.Debug|Any CPU.ActiveCfg = Debug|Any CPU
		{5FB61A86-E6CB-44B7-8557-91689A37897B}.Debug|Any CPU.Build.0 = Debug|Any CPU
		{5FB61A86-E6CB-44B7-8557-91689A37897B}.Release|Any CPU.ActiveCfg = Release|Any CPU
		{5FB61A86-E6CB-44B7-8557-91689A37897B}.Release|Any CPU.Build.0 = Release|Any CPU
		{04FBCB82-32CD-4309-A319-3C1AE5FBDE87}.Debug|Any CPU.ActiveCfg = Debug|Any CPU
		{04FBCB82-32CD-4309-A319-3C1AE5FBDE87}.Debug|Any CPU.Build.0 = Debug|Any CPU
		{04FBCB82-32CD-4309-A319-3C1AE5FBDE87}.Release|Any CPU.ActiveCfg = Release|Any CPU
		{04FBCB82-32CD-4309-A319-3C1AE5FBDE87}.Release|Any CPU.Build.0 = Release|Any CPU
	EndGlobalSection
	GlobalSection(SolutionProperties) = preSolution
		HideSolutionNode = FALSE
	EndGlobalSection
	GlobalSection(ExtensibilityGlobals) = postSolution
		SolutionGuid = {7905BB06-699E-41F3-974C-2FBEBD075149}
	EndGlobalSection
EndGlobal
