
Microsoft Visual Studio Solution File, Format Version 12.00
# Visual Studio Version 16
VisualStudioVersion = 16.0.29926.136
MinimumVisualStudioVersion = 10.0.40219.1
Project("{9A19103F-16F7-4668-BE54-9A1E7A4F7556}") = "KomfortWebApp", "KomfortWebApp\KomfortWebApp.csproj", "{D44DE25C-A594-4D40-A45E-CE7296B74C06}"
EndProject
Project("{FAE04EC0-301F-11D3-BF4B-00C04F79EFBC}") = "MakeFlayers", "MakeFlayers\MakeFlayers.csproj", "{780E4188-D1EA-4613-BC9B-176D03880641}"
EndProject
Project("{FAE04EC0-301F-11D3-BF4B-00C04F79EFBC}") = "GenerateFlayers", "GenerateFlayers\GenerateFlayers.csproj", "{5EC44184-DF56-4020-810A-D35D34BCB406}"
EndProject
Global
	GlobalSection(SolutionConfigurationPlatforms) = preSolution
		Debug|Any CPU = Debug|Any CPU
		Release|Any CPU = Release|Any CPU
	EndGlobalSection
	GlobalSection(ProjectConfigurationPlatforms) = postSolution
		{D44DE25C-A594-4D40-A45E-CE7296B74C06}.Debug|Any CPU.ActiveCfg = Debug|Any CPU
		{D44DE25C-A594-4D40-A45E-CE7296B74C06}.Debug|Any CPU.Build.0 = Debug|Any CPU
		{D44DE25C-A594-4D40-A45E-CE7296B74C06}.Release|Any CPU.ActiveCfg = Release|Any CPU
		{D44DE25C-A594-4D40-A45E-CE7296B74C06}.Release|Any CPU.Build.0 = Release|Any CPU
		{780E4188-D1EA-4613-BC9B-176D03880641}.Debug|Any CPU.ActiveCfg = Debug|Any CPU
		{780E4188-D1EA-4613-BC9B-176D03880641}.Debug|Any CPU.Build.0 = Debug|Any CPU
		{780E4188-D1EA-4613-BC9B-176D03880641}.Release|Any CPU.ActiveCfg = Release|Any CPU
		{780E4188-D1EA-4613-BC9B-176D03880641}.Release|Any CPU.Build.0 = Release|Any CPU
		{5EC44184-DF56-4020-810A-D35D34BCB406}.Debug|Any CPU.ActiveCfg = Debug|Any CPU
		{5EC44184-DF56-4020-810A-D35D34BCB406}.Debug|Any CPU.Build.0 = Debug|Any CPU
		{5EC44184-DF56-4020-810A-D35D34BCB406}.Release|Any CPU.ActiveCfg = Release|Any CPU
		{5EC44184-DF56-4020-810A-D35D34BCB406}.Release|Any CPU.Build.0 = Release|Any CPU
	EndGlobalSection
	GlobalSection(SolutionProperties) = preSolution
		HideSolutionNode = FALSE
	EndGlobalSection
	GlobalSection(ExtensibilityGlobals) = postSolution
		SolutionGuid = {7905BB06-699E-41F3-974C-2FBEBD075149}
	EndGlobalSection
EndGlobal
